
Microsoft Visual Studio Solution File, Format Version 12.00
# Visual Studio 14
VisualStudioVersion = 14.0.23107.0
MinimumVisualStudioVersion = 10.0.40219.1
Project("{FAE04EC0-301F-11D3-BF4B-00C04F79EFBC}") = "ConwaysGameOfLife", "ConwaysGameOfLife\ConwaysGameOfLife.csproj", "{84F60520-70B5-4789-95C0-71C412703E69}"
EndProject
Project("{FAE04EC0-301F-11D3-BF4B-00C04F79EFBC}") = "BoardViewer", "BoardViewer\BoardViewer.csproj", "{2EE3DF00-A49D-4B03-9409-0B37814B7B5E}"
	ProjectSection(ProjectDependencies) = postProject
		{84F60520-70B5-4789-95C0-71C412703E69} = {84F60520-70B5-4789-95C0-71C412703E69}
	EndProjectSection
EndProject
Global
	GlobalSection(SolutionConfigurationPlatforms) = preSolution
		Debug|Any CPU = Debug|Any CPU
		Release|Any CPU = Release|Any CPU
	EndGlobalSection
	GlobalSection(ProjectConfigurationPlatforms) = postSolution
		{84F60520-70B5-4789-95C0-71C412703E69}.Debug|Any CPU.ActiveCfg = Debug|Any CPU
		{84F60520-70B5-4789-95C0-71C412703E69}.Debug|Any CPU.Build.0 = Debug|Any CPU
		{84F60520-70B5-4789-95C0-71C412703E69}.Release|Any CPU.ActiveCfg = Release|Any CPU
		{84F60520-70B5-4789-95C0-71C412703E69}.Release|Any CPU.Build.0 = Release|Any CPU
		{2EE3DF00-A49D-4B03-9409-0B37814B7B5E}.Debug|Any CPU.ActiveCfg = Debug|Any CPU
		{2EE3DF00-A49D-4B03-9409-0B37814B7B5E}.Debug|Any CPU.Build.0 = Debug|Any CPU
		{2EE3DF00-A49D-4B03-9409-0B37814B7B5E}.Release|Any CPU.ActiveCfg = Release|Any CPU
		{2EE3DF00-A49D-4B03-9409-0B37814B7B5E}.Release|Any CPU.Build.0 = Release|Any CPU
	EndGlobalSection
	GlobalSection(SolutionProperties) = preSolution
		HideSolutionNode = FALSE
	EndGlobalSection
EndGlobal
